
Microsoft Visual Studio Solution File, Format Version 12.00
# Visual Studio 15
Project("{FAE04EC0-301F-11D3-BF4B-00C04F79EFBC}") = "Assembly-CSharp", "Assembly-CSharp.csproj", "{C71CF606-62BC-AEC0-7D95-659BD6B5D3D8}"
EndProject
Project("{FAE04EC0-301F-11D3-BF4B-00C04F79EFBC}") = "UnityEngine.TestRunner", "UnityEngine.TestRunner.csproj", "{49CF4CD1-895F-2DCA-62D2-2A25E9093C32}"
EndProject
Project("{FAE04EC0-301F-11D3-BF4B-00C04F79EFBC}") = "UnityEngine.UI", "UnityEngine.UI.csproj", "{AA63226F-35AA-5F28-A66F-47D3BCEB01CC}"
EndProject
Project("{FAE04EC0-301F-11D3-BF4B-00C04F79EFBC}") = "Unity.Mathematics", "Unity.Mathematics.csproj", "{6105DF92-06F9-3142-4867-C38F922A7724}"
EndProject
Project("{FAE04EC0-301F-11D3-BF4B-00C04F79EFBC}") = "Unity.Timeline", "Unity.Timeline.csproj", "{28564110-2081-784D-2E16-B56B40630F86}"
EndProject
Project("{FAE04EC0-301F-11D3-BF4B-00C04F79EFBC}") = "Unity.TextMeshPro", "Unity.TextMeshPro.csproj", "{360D8795-3FA2-7428-E3B3-D8B03DA59B85}"
EndProject
Project("{FAE04EC0-301F-11D3-BF4B-00C04F79EFBC}") = "Unity.Burst", "Unity.Burst.csproj", "{A97536FC-799C-5E08-A283-5DAB5139746E}"
EndProject
Project("{FAE04EC0-301F-11D3-BF4B-00C04F79EFBC}") = "Unity.2D.Animation.Runtime", "Unity.2D.Animation.Runtime.csproj", "{F2059A49-86AB-EF43-3BEE-E8A5496211DB}"
EndProject
Project("{FAE04EC0-301F-11D3-BF4B-00C04F79EFBC}") = "Unity.2D.IK.Runtime", "Unity.2D.IK.Runtime.csproj", "{31BB0D76-E95F-692E-036F-5412BB425319}"
EndProject
Project("{FAE04EC0-301F-11D3-BF4B-00C04F79EFBC}") = "Unity.2D.SpriteShape.Runtime", "Unity.2D.SpriteShape.Runtime.csproj", "{ECF036A7-115D-766C-F0A6-AD4D263B6E3E}"
EndProject
Project("{FAE04EC0-301F-11D3-BF4B-00C04F79EFBC}") = "Unity.2D.Common.Runtime", "Unity.2D.Common.Runtime.csproj", "{FD92B364-ECB6-1A9E-D96F-586A39538333}"
EndProject
Project("{FAE04EC0-301F-11D3-BF4B-00C04F79EFBC}") = "Unity.2D.PixelPerfect", "Unity.2D.PixelPerfect.csproj", "{9B62D414-F149-F2E0-55A1-607D3AFEBB6D}"
EndProject
Project("{FAE04EC0-301F-11D3-BF4B-00C04F79EFBC}") = "Unity.InternalAPIEngineBridge.001", "Unity.InternalAPIEngineBridge.001.csproj", "{B019A529-614D-03D1-DB20-780F0D966199}"
EndProject
Project("{FAE04EC0-301F-11D3-BF4B-00C04F79EFBC}") = "UnityEditor.TestRunner", "UnityEditor.TestRunner.csproj", "{8D2BA6BC-A2B9-FF58-0909-460AE478E456}"
EndProject
Project("{FAE04EC0-301F-11D3-BF4B-00C04F79EFBC}") = "Unity.2D.Psdimporter.Editor", "Unity.2D.Psdimporter.Editor.csproj", "{AB019514-CC99-9CA7-BF91-FB1C6C9ABF01}"
EndProject
Project("{FAE04EC0-301F-11D3-BF4B-00C04F79EFBC}") = "Unity.PlasticSCM.Editor", "Unity.PlasticSCM.Editor.csproj", "{A224A6F7-7E99-F490-6483-0D997B0A2EC3}"
EndProject
Project("{FAE04EC0-301F-11D3-BF4B-00C04F79EFBC}") = "UnityEditor.UI", "UnityEditor.UI.csproj", "{D48545A1-0AD5-0158-8009-565A72E40013}"
EndProject
Project("{FAE04EC0-301F-11D3-BF4B-00C04F79EFBC}") = "Unity.Services.Core.Editor", "Unity.Services.Core.Editor.csproj", "{E3DF97C0-76FF-B041-6CB7-7704C3DCDF56}"
EndProject
Project("{FAE04EC0-301F-11D3-BF4B-00C04F79EFBC}") = "Unity.Timeline.Editor", "Unity.Timeline.Editor.csproj", "{AE7A8DD2-6255-E486-947D-E609F08BDFD6}"
EndProject
Project("{FAE04EC0-301F-11D3-BF4B-00C04F79EFBC}") = "Unity.VisualStudio.Editor", "Unity.VisualStudio.Editor.csproj", "{2C965860-260B-28E1-325B-AE78A1062C89}"
EndProject
Project("{FAE04EC0-301F-11D3-BF4B-00C04F79EFBC}") = "Unity.2D.Animation.Editor", "Unity.2D.Animation.Editor.csproj", "{915EABE3-7D12-DE2E-B5E5-5FB02000DEA8}"
EndProject
Project("{FAE04EC0-301F-11D3-BF4B-00C04F79EFBC}") = "Unity.TextMeshPro.Editor", "Unity.TextMeshPro.Editor.csproj", "{869BE8C8-F488-77EF-94E2-FE45A4F2A0B9}"
EndProject
Project("{FAE04EC0-301F-11D3-BF4B-00C04F79EFBC}") = "Unity.2D.SpriteShape.Editor", "Unity.2D.SpriteShape.Editor.csproj", "{88C3675F-64FB-7DE6-B70B-6290214CCFA2}"
EndProject
Project("{FAE04EC0-301F-11D3-BF4B-00C04F79EFBC}") = "Unity.CollabProxy.Editor", "Unity.CollabProxy.Editor.csproj", "{035ECDA2-AE2D-4740-76BC-59FB4BD5F8C5}"
EndProject
Project("{FAE04EC0-301F-11D3-BF4B-00C04F79EFBC}") = "PsdPlugin", "PsdPlugin.csproj", "{EC7D72D4-7258-580A-8889-0B5552DC4696}"
EndProject
Project("{FAE04EC0-301F-11D3-BF4B-00C04F79EFBC}") = "Unity.2D.Tilemap.Editor", "Unity.2D.Tilemap.Editor.csproj", "{910C09B9-D576-696F-EEB2-600B82255825}"
EndProject
Project("{FAE04EC0-301F-11D3-BF4B-00C04F79EFBC}") = "Unity.Rider.Editor", "Unity.Rider.Editor.csproj", "{E668C692-17A5-8208-738F-B5EF684308CC}"
EndProject
Project("{FAE04EC0-301F-11D3-BF4B-00C04F79EFBC}") = "Unity.2D.Sprite.Editor", "Unity.2D.Sprite.Editor.csproj", "{69E27150-23EF-B26B-51B2-D45EFCD92847}"
EndProject
Project("{FAE04EC0-301F-11D3-BF4B-00C04F79EFBC}") = "Unity.2D.Common.Path.Editor", "Unity.2D.Common.Path.Editor.csproj", "{83539DD1-97B5-83CA-BD35-F6421B5E9058}"
EndProject
Project("{FAE04EC0-301F-11D3-BF4B-00C04F79EFBC}") = "Unity.2D.IK.Editor", "Unity.2D.IK.Editor.csproj", "{820E70D1-8490-2593-7ABD-474B3BA8C562}"
EndProject
Project("{FAE04EC0-301F-11D3-BF4B-00C04F79EFBC}") = "Unity.Burst.Editor", "Unity.Burst.Editor.csproj", "{F4B50AD2-E48F-7CA3-8A20-E2E04723759F}"
EndProject
Project("{FAE04EC0-301F-11D3-BF4B-00C04F79EFBC}") = "Unity.Burst.CodeGen", "Unity.Burst.CodeGen.csproj", "{AE7EC18D-C54C-E20F-B465-7979FC96F718}"
EndProject
Project("{FAE04EC0-301F-11D3-BF4B-00C04F79EFBC}") = "Unity.2D.PixelPerfect.Editor", "Unity.2D.PixelPerfect.Editor.csproj", "{22C91404-6BFF-DB34-87F1-94E4726F7F60}"
EndProject
Project("{FAE04EC0-301F-11D3-BF4B-00C04F79EFBC}") = "Unity.VSCode.Editor", "Unity.VSCode.Editor.csproj", "{71C6B52A-B659-2F8D-3FE1-7C6B71DE0A2F}"
EndProject
Project("{FAE04EC0-301F-11D3-BF4B-00C04F79EFBC}") = "Unity.2D.Common.Editor", "Unity.2D.Common.Editor.csproj", "{0617697D-E1F2-5CEC-4A1C-38F62527CB60}"
EndProject
Project("{FAE04EC0-301F-11D3-BF4B-00C04F79EFBC}") = "Unity.Mathematics.Editor", "Unity.Mathematics.Editor.csproj", "{79A41D32-53C8-67C5-BEA2-0C78531031F9}"
EndProject
Project("{FAE04EC0-301F-11D3-BF4B-00C04F79EFBC}") = "Unity.InternalAPIEditorBridge.001", "Unity.InternalAPIEditorBridge.001.csproj", "{A10F4F24-3DB3-61DB-022E-2DE44134CA68}"
EndProject
Project("{FAE04EC0-301F-11D3-BF4B-00C04F79EFBC}") = "Assembly-CSharp", "Assembly-CSharp.Player.csproj", "{C4CDA22B-4B5A-9213-7700-2F06B7576349}"
EndProject
Project("{FAE04EC0-301F-11D3-BF4B-00C04F79EFBC}") = "UnityEngine.TestRunner", "UnityEngine.TestRunner.Player.csproj", "{CF81A701-4B5C-EAD6-7CF2-0CFC53F55FCF}"
EndProject
Project("{FAE04EC0-301F-11D3-BF4B-00C04F79EFBC}") = "UnityEngine.UI", "UnityEngine.UI.Player.csproj", "{B680B024-01AE-AB91-7798-2B5255C77FCE}"
EndProject
Project("{FAE04EC0-301F-11D3-BF4B-00C04F79EFBC}") = "Unity.Mathematics", "Unity.Mathematics.Player.csproj", "{3CB90662-0BA2-74B9-9D73-4009812D2BE5}"
EndProject
Project("{FAE04EC0-301F-11D3-BF4B-00C04F79EFBC}") = "Unity.Timeline", "Unity.Timeline.Player.csproj", "{A717A108-1F6E-593B-E96C-CFB1E671259F}"
EndProject
Project("{FAE04EC0-301F-11D3-BF4B-00C04F79EFBC}") = "Unity.TextMeshPro", "Unity.TextMeshPro.Player.csproj", "{BCC42FAE-3AEA-1B25-B065-22260FDB600D}"
EndProject
Project("{FAE04EC0-301F-11D3-BF4B-00C04F79EFBC}") = "Unity.Burst", "Unity.Burst.Player.csproj", "{9F841640-274F-C569-5650-AC8C63FC80C1}"
EndProject
Project("{FAE04EC0-301F-11D3-BF4B-00C04F79EFBC}") = "Unity.2D.Animation.Runtime", "Unity.2D.Animation.Runtime.Player.csproj", "{14FAD31E-D5C4-4AA7-5884-4F244A080B75}"
EndProject
Project("{FAE04EC0-301F-11D3-BF4B-00C04F79EFBC}") = "Unity.2D.IK.Runtime", "Unity.2D.IK.Runtime.Player.csproj", "{B3653069-C620-D7EA-78EA-8591C2DE3D8E}"
EndProject
Project("{FAE04EC0-301F-11D3-BF4B-00C04F79EFBC}") = "Unity.2D.SpriteShape.Runtime", "Unity.2D.SpriteShape.Runtime.Player.csproj", "{6CAC47E0-4EC5-E4A7-6BB3-434DB93BD4B4}"
EndProject
Project("{FAE04EC0-301F-11D3-BF4B-00C04F79EFBC}") = "Unity.2D.Common.Runtime", "Unity.2D.Common.Runtime.Player.csproj", "{6E672432-4E50-9AFC-A4D3-F95C15FA0445}"
EndProject
Project("{FAE04EC0-301F-11D3-BF4B-00C04F79EFBC}") = "Unity.2D.PixelPerfect", "Unity.2D.PixelPerfect.Player.csproj", "{033D60BC-4E6C-CAA0-7A70-E4E5D635C14F}"
EndProject
Project("{FAE04EC0-301F-11D3-BF4B-00C04F79EFBC}") = "Unity.InternalAPIEngineBridge.001", "Unity.InternalAPIEngineBridge.001.Player.csproj", "{EF0EBF3C-E63F-440A-11CC-2E2BCA22951D}"
EndProject
Global
	GlobalSection(SolutionConfigurationPlatforms) = preSolution
		Debug|Any CPU = Debug|Any CPU
		Release|Any CPU = Release|Any CPU
	EndGlobalSection
	GlobalSection(ProjectConfigurationPlatforms) = postSolution
		{C71CF606-62BC-AEC0-7D95-659BD6B5D3D8}.Debug|Any CPU.ActiveCfg = Debug|Any CPU
		{C71CF606-62BC-AEC0-7D95-659BD6B5D3D8}.Debug|Any CPU.Build.0 = Debug|Any CPU
		{C71CF606-62BC-AEC0-7D95-659BD6B5D3D8}.Release|Any CPU.ActiveCfg = Release|Any CPU
		{C71CF606-62BC-AEC0-7D95-659BD6B5D3D8}.Release|Any CPU.Build.0 = Release|Any CPU
		{49CF4CD1-895F-2DCA-62D2-2A25E9093C32}.Debug|Any CPU.ActiveCfg = Debug|Any CPU
		{49CF4CD1-895F-2DCA-62D2-2A25E9093C32}.Debug|Any CPU.Build.0 = Debug|Any CPU
		{49CF4CD1-895F-2DCA-62D2-2A25E9093C32}.Release|Any CPU.ActiveCfg = Release|Any CPU
		{49CF4CD1-895F-2DCA-62D2-2A25E9093C32}.Release|Any CPU.Build.0 = Release|Any CPU
		{AA63226F-35AA-5F28-A66F-47D3BCEB01CC}.Debug|Any CPU.ActiveCfg = Debug|Any CPU
		{AA63226F-35AA-5F28-A66F-47D3BCEB01CC}.Debug|Any CPU.Build.0 = Debug|Any CPU
		{AA63226F-35AA-5F28-A66F-47D3BCEB01CC}.Release|Any CPU.ActiveCfg = Release|Any CPU
		{AA63226F-35AA-5F28-A66F-47D3BCEB01CC}.Release|Any CPU.Build.0 = Release|Any CPU
		{6105DF92-06F9-3142-4867-C38F922A7724}.Debug|Any CPU.ActiveCfg = Debug|Any CPU
		{6105DF92-06F9-3142-4867-C38F922A7724}.Debug|Any CPU.Build.0 = Debug|Any CPU
		{6105DF92-06F9-3142-4867-C38F922A7724}.Release|Any CPU.ActiveCfg = Release|Any CPU
		{6105DF92-06F9-3142-4867-C38F922A7724}.Release|Any CPU.Build.0 = Release|Any CPU
		{28564110-2081-784D-2E16-B56B40630F86}.Debug|Any CPU.ActiveCfg = Debug|Any CPU
		{28564110-2081-784D-2E16-B56B40630F86}.Debug|Any CPU.Build.0 = Debug|Any CPU
		{28564110-2081-784D-2E16-B56B40630F86}.Release|Any CPU.ActiveCfg = Release|Any CPU
		{28564110-2081-784D-2E16-B56B40630F86}.Release|Any CPU.Build.0 = Release|Any CPU
		{360D8795-3FA2-7428-E3B3-D8B03DA59B85}.Debug|Any CPU.ActiveCfg = Debug|Any CPU
		{360D8795-3FA2-7428-E3B3-D8B03DA59B85}.Debug|Any CPU.Build.0 = Debug|Any CPU
		{360D8795-3FA2-7428-E3B3-D8B03DA59B85}.Release|Any CPU.ActiveCfg = Release|Any CPU
		{360D8795-3FA2-7428-E3B3-D8B03DA59B85}.Release|Any CPU.Build.0 = Release|Any CPU
		{A97536FC-799C-5E08-A283-5DAB5139746E}.Debug|Any CPU.ActiveCfg = Debug|Any CPU
		{A97536FC-799C-5E08-A283-5DAB5139746E}.Debug|Any CPU.Build.0 = Debug|Any CPU
		{A97536FC-799C-5E08-A283-5DAB5139746E}.Release|Any CPU.ActiveCfg = Release|Any CPU
		{A97536FC-799C-5E08-A283-5DAB5139746E}.Release|Any CPU.Build.0 = Release|Any CPU
		{F2059A49-86AB-EF43-3BEE-E8A5496211DB}.Debug|Any CPU.ActiveCfg = Debug|Any CPU
		{F2059A49-86AB-EF43-3BEE-E8A5496211DB}.Debug|Any CPU.Build.0 = Debug|Any CPU
		{F2059A49-86AB-EF43-3BEE-E8A5496211DB}.Release|Any CPU.ActiveCfg = Release|Any CPU
		{F2059A49-86AB-EF43-3BEE-E8A5496211DB}.Release|Any CPU.Build.0 = Release|Any CPU
		{31BB0D76-E95F-692E-036F-5412BB425319}.Debug|Any CPU.ActiveCfg = Debug|Any CPU
		{31BB0D76-E95F-692E-036F-5412BB425319}.Debug|Any CPU.Build.0 = Debug|Any CPU
		{31BB0D76-E95F-692E-036F-5412BB425319}.Release|Any CPU.ActiveCfg = Release|Any CPU
		{31BB0D76-E95F-692E-036F-5412BB425319}.Release|Any CPU.Build.0 = Release|Any CPU
		{ECF036A7-115D-766C-F0A6-AD4D263B6E3E}.Debug|Any CPU.ActiveCfg = Debug|Any CPU
		{ECF036A7-115D-766C-F0A6-AD4D263B6E3E}.Debug|Any CPU.Build.0 = Debug|Any CPU
		{ECF036A7-115D-766C-F0A6-AD4D263B6E3E}.Release|Any CPU.ActiveCfg = Release|Any CPU
		{ECF036A7-115D-766C-F0A6-AD4D263B6E3E}.Release|Any CPU.Build.0 = Release|Any CPU
		{FD92B364-ECB6-1A9E-D96F-586A39538333}.Debug|Any CPU.ActiveCfg = Debug|Any CPU
		{FD92B364-ECB6-1A9E-D96F-586A39538333}.Debug|Any CPU.Build.0 = Debug|Any CPU
		{FD92B364-ECB6-1A9E-D96F-586A39538333}.Release|Any CPU.ActiveCfg = Release|Any CPU
		{FD92B364-ECB6-1A9E-D96F-586A39538333}.Release|Any CPU.Build.0 = Release|Any CPU
		{9B62D414-F149-F2E0-55A1-607D3AFEBB6D}.Debug|Any CPU.ActiveCfg = Debug|Any CPU
		{9B62D414-F149-F2E0-55A1-607D3AFEBB6D}.Debug|Any CPU.Build.0 = Debug|Any CPU
		{9B62D414-F149-F2E0-55A1-607D3AFEBB6D}.Release|Any CPU.ActiveCfg = Release|Any CPU
		{9B62D414-F149-F2E0-55A1-607D3AFEBB6D}.Release|Any CPU.Build.0 = Release|Any CPU
		{B019A529-614D-03D1-DB20-780F0D966199}.Debug|Any CPU.ActiveCfg = Debug|Any CPU
		{B019A529-614D-03D1-DB20-780F0D966199}.Debug|Any CPU.Build.0 = Debug|Any CPU
		{B019A529-614D-03D1-DB20-780F0D966199}.Release|Any CPU.ActiveCfg = Release|Any CPU
		{B019A529-614D-03D1-DB20-780F0D966199}.Release|Any CPU.Build.0 = Release|Any CPU
		{8D2BA6BC-A2B9-FF58-0909-460AE478E456}.Debug|Any CPU.ActiveCfg = Debug|Any CPU
		{8D2BA6BC-A2B9-FF58-0909-460AE478E456}.Debug|Any CPU.Build.0 = Debug|Any CPU
		{8D2BA6BC-A2B9-FF58-0909-460AE478E456}.Release|Any CPU.ActiveCfg = Release|Any CPU
		{8D2BA6BC-A2B9-FF58-0909-460AE478E456}.Release|Any CPU.Build.0 = Release|Any CPU
		{AB019514-CC99-9CA7-BF91-FB1C6C9ABF01}.Debug|Any CPU.ActiveCfg = Debug|Any CPU
		{AB019514-CC99-9CA7-BF91-FB1C6C9ABF01}.Debug|Any CPU.Build.0 = Debug|Any CPU
		{AB019514-CC99-9CA7-BF91-FB1C6C9ABF01}.Release|Any CPU.ActiveCfg = Release|Any CPU
		{AB019514-CC99-9CA7-BF91-FB1C6C9ABF01}.Release|Any CPU.Build.0 = Release|Any CPU
		{A224A6F7-7E99-F490-6483-0D997B0A2EC3}.Debug|Any CPU.ActiveCfg = Debug|Any CPU
		{A224A6F7-7E99-F490-6483-0D997B0A2EC3}.Debug|Any CPU.Build.0 = Debug|Any CPU
		{A224A6F7-7E99-F490-6483-0D997B0A2EC3}.Release|Any CPU.ActiveCfg = Release|Any CPU
		{A224A6F7-7E99-F490-6483-0D997B0A2EC3}.Release|Any CPU.Build.0 = Release|Any CPU
		{D48545A1-0AD5-0158-8009-565A72E40013}.Debug|Any CPU.ActiveCfg = Debug|Any CPU
		{D48545A1-0AD5-0158-8009-565A72E40013}.Debug|Any CPU.Build.0 = Debug|Any CPU
		{D48545A1-0AD5-0158-8009-565A72E40013}.Release|Any CPU.ActiveCfg = Release|Any CPU
		{D48545A1-0AD5-0158-8009-565A72E40013}.Release|Any CPU.Build.0 = Release|Any CPU
		{E3DF97C0-76FF-B041-6CB7-7704C3DCDF56}.Debug|Any CPU.ActiveCfg = Debug|Any CPU
		{E3DF97C0-76FF-B041-6CB7-7704C3DCDF56}.Debug|Any CPU.Build.0 = Debug|Any CPU
		{E3DF97C0-76FF-B041-6CB7-7704C3DCDF56}.Release|Any CPU.ActiveCfg = Release|Any CPU
		{E3DF97C0-76FF-B041-6CB7-7704C3DCDF56}.Release|Any CPU.Build.0 = Release|Any CPU
		{AE7A8DD2-6255-E486-947D-E609F08BDFD6}.Debug|Any CPU.ActiveCfg = Debug|Any CPU
		{AE7A8DD2-6255-E486-947D-E609F08BDFD6}.Debug|Any CPU.Build.0 = Debug|Any CPU
		{AE7A8DD2-6255-E486-947D-E609F08BDFD6}.Release|Any CPU.ActiveCfg = Release|Any CPU
		{AE7A8DD2-6255-E486-947D-E609F08BDFD6}.Release|Any CPU.Build.0 = Release|Any CPU
		{2C965860-260B-28E1-325B-AE78A1062C89}.Debug|Any CPU.ActiveCfg = Debug|Any CPU
		{2C965860-260B-28E1-325B-AE78A1062C89}.Debug|Any CPU.Build.0 = Debug|Any CPU
		{2C965860-260B-28E1-325B-AE78A1062C89}.Release|Any CPU.ActiveCfg = Release|Any CPU
		{2C965860-260B-28E1-325B-AE78A1062C89}.Release|Any CPU.Build.0 = Release|Any CPU
		{915EABE3-7D12-DE2E-B5E5-5FB02000DEA8}.Debug|Any CPU.ActiveCfg = Debug|Any CPU
		{915EABE3-7D12-DE2E-B5E5-5FB02000DEA8}.Debug|Any CPU.Build.0 = Debug|Any CPU
		{915EABE3-7D12-DE2E-B5E5-5FB02000DEA8}.Release|Any CPU.ActiveCfg = Release|Any CPU
		{915EABE3-7D12-DE2E-B5E5-5FB02000DEA8}.Release|Any CPU.Build.0 = Release|Any CPU
		{869BE8C8-F488-77EF-94E2-FE45A4F2A0B9}.Debug|Any CPU.ActiveCfg = Debug|Any CPU
		{869BE8C8-F488-77EF-94E2-FE45A4F2A0B9}.Debug|Any CPU.Build.0 = Debug|Any CPU
		{869BE8C8-F488-77EF-94E2-FE45A4F2A0B9}.Release|Any CPU.ActiveCfg = Release|Any CPU
		{869BE8C8-F488-77EF-94E2-FE45A4F2A0B9}.Release|Any CPU.Build.0 = Release|Any CPU
		{88C3675F-64FB-7DE6-B70B-6290214CCFA2}.Debug|Any CPU.ActiveCfg = Debug|Any CPU
		{88C3675F-64FB-7DE6-B70B-6290214CCFA2}.Debug|Any CPU.Build.0 = Debug|Any CPU
		{88C3675F-64FB-7DE6-B70B-6290214CCFA2}.Release|Any CPU.ActiveCfg = Release|Any CPU
		{88C3675F-64FB-7DE6-B70B-6290214CCFA2}.Release|Any CPU.Build.0 = Release|Any CPU
		{035ECDA2-AE2D-4740-76BC-59FB4BD5F8C5}.Debug|Any CPU.ActiveCfg = Debug|Any CPU
		{035ECDA2-AE2D-4740-76BC-59FB4BD5F8C5}.Debug|Any CPU.Build.0 = Debug|Any CPU
		{035ECDA2-AE2D-4740-76BC-59FB4BD5F8C5}.Release|Any CPU.ActiveCfg = Release|Any CPU
		{035ECDA2-AE2D-4740-76BC-59FB4BD5F8C5}.Release|Any CPU.Build.0 = Release|Any CPU
		{EC7D72D4-7258-580A-8889-0B5552DC4696}.Debug|Any CPU.ActiveCfg = Debug|Any CPU
		{EC7D72D4-7258-580A-8889-0B5552DC4696}.Debug|Any CPU.Build.0 = Debug|Any CPU
		{EC7D72D4-7258-580A-8889-0B5552DC4696}.Release|Any CPU.ActiveCfg = Release|Any CPU
		{EC7D72D4-7258-580A-8889-0B5552DC4696}.Release|Any CPU.Build.0 = Release|Any CPU
		{910C09B9-D576-696F-EEB2-600B82255825}.Debug|Any CPU.ActiveCfg = Debug|Any CPU
		{910C09B9-D576-696F-EEB2-600B82255825}.Debug|Any CPU.Build.0 = Debug|Any CPU
		{910C09B9-D576-696F-EEB2-600B82255825}.Release|Any CPU.ActiveCfg = Release|Any CPU
		{910C09B9-D576-696F-EEB2-600B82255825}.Release|Any CPU.Build.0 = Release|Any CPU
		{E668C692-17A5-8208-738F-B5EF684308CC}.Debug|Any CPU.ActiveCfg = Debug|Any CPU
		{E668C692-17A5-8208-738F-B5EF684308CC}.Debug|Any CPU.Build.0 = Debug|Any CPU
		{E668C692-17A5-8208-738F-B5EF684308CC}.Release|Any CPU.ActiveCfg = Release|Any CPU
		{E668C692-17A5-8208-738F-B5EF684308CC}.Release|Any CPU.Build.0 = Release|Any CPU
		{69E27150-23EF-B26B-51B2-D45EFCD92847}.Debug|Any CPU.ActiveCfg = Debug|Any CPU
		{69E27150-23EF-B26B-51B2-D45EFCD92847}.Debug|Any CPU.Build.0 = Debug|Any CPU
		{69E27150-23EF-B26B-51B2-D45EFCD92847}.Release|Any CPU.ActiveCfg = Release|Any CPU
		{69E27150-23EF-B26B-51B2-D45EFCD92847}.Release|Any CPU.Build.0 = Release|Any CPU
		{83539DD1-97B5-83CA-BD35-F6421B5E9058}.Debug|Any CPU.ActiveCfg = Debug|Any CPU
		{83539DD1-97B5-83CA-BD35-F6421B5E9058}.Debug|Any CPU.Build.0 = Debug|Any CPU
		{83539DD1-97B5-83CA-BD35-F6421B5E9058}.Release|Any CPU.ActiveCfg = Release|Any CPU
		{83539DD1-97B5-83CA-BD35-F6421B5E9058}.Release|Any CPU.Build.0 = Release|Any CPU
		{820E70D1-8490-2593-7ABD-474B3BA8C562}.Debug|Any CPU.ActiveCfg = Debug|Any CPU
		{820E70D1-8490-2593-7ABD-474B3BA8C562}.Debug|Any CPU.Build.0 = Debug|Any CPU
		{820E70D1-8490-2593-7ABD-474B3BA8C562}.Release|Any CPU.ActiveCfg = Release|Any CPU
		{820E70D1-8490-2593-7ABD-474B3BA8C562}.Release|Any CPU.Build.0 = Release|Any CPU
		{F4B50AD2-E48F-7CA3-8A20-E2E04723759F}.Debug|Any CPU.ActiveCfg = Debug|Any CPU
		{F4B50AD2-E48F-7CA3-8A20-E2E04723759F}.Debug|Any CPU.Build.0 = Debug|Any CPU
		{F4B50AD2-E48F-7CA3-8A20-E2E04723759F}.Release|Any CPU.ActiveCfg = Release|Any CPU
		{F4B50AD2-E48F-7CA3-8A20-E2E04723759F}.Release|Any CPU.Build.0 = Release|Any CPU
		{AE7EC18D-C54C-E20F-B465-7979FC96F718}.Debug|Any CPU.ActiveCfg = Debug|Any CPU
		{AE7EC18D-C54C-E20F-B465-7979FC96F718}.Debug|Any CPU.Build.0 = Debug|Any CPU
		{AE7EC18D-C54C-E20F-B465-7979FC96F718}.Release|Any CPU.ActiveCfg = Release|Any CPU
		{AE7EC18D-C54C-E20F-B465-7979FC96F718}.Release|Any CPU.Build.0 = Release|Any CPU
		{22C91404-6BFF-DB34-87F1-94E4726F7F60}.Debug|Any CPU.ActiveCfg = Debug|Any CPU
		{22C91404-6BFF-DB34-87F1-94E4726F7F60}.Debug|Any CPU.Build.0 = Debug|Any CPU
		{22C91404-6BFF-DB34-87F1-94E4726F7F60}.Release|Any CPU.ActiveCfg = Release|Any CPU
		{22C91404-6BFF-DB34-87F1-94E4726F7F60}.Release|Any CPU.Build.0 = Release|Any CPU
		{71C6B52A-B659-2F8D-3FE1-7C6B71DE0A2F}.Debug|Any CPU.ActiveCfg = Debug|Any CPU
		{71C6B52A-B659-2F8D-3FE1-7C6B71DE0A2F}.Debug|Any CPU.Build.0 = Debug|Any CPU
		{71C6B52A-B659-2F8D-3FE1-7C6B71DE0A2F}.Release|Any CPU.ActiveCfg = Release|Any CPU
		{71C6B52A-B659-2F8D-3FE1-7C6B71DE0A2F}.Release|Any CPU.Build.0 = Release|Any CPU
		{0617697D-E1F2-5CEC-4A1C-38F62527CB60}.Debug|Any CPU.ActiveCfg = Debug|Any CPU
		{0617697D-E1F2-5CEC-4A1C-38F62527CB60}.Debug|Any CPU.Build.0 = Debug|Any CPU
		{0617697D-E1F2-5CEC-4A1C-38F62527CB60}.Release|Any CPU.ActiveCfg = Release|Any CPU
		{0617697D-E1F2-5CEC-4A1C-38F62527CB60}.Release|Any CPU.Build.0 = Release|Any CPU
		{79A41D32-53C8-67C5-BEA2-0C78531031F9}.Debug|Any CPU.ActiveCfg = Debug|Any CPU
		{79A41D32-53C8-67C5-BEA2-0C78531031F9}.Debug|Any CPU.Build.0 = Debug|Any CPU
		{79A41D32-53C8-67C5-BEA2-0C78531031F9}.Release|Any CPU.ActiveCfg = Release|Any CPU
		{79A41D32-53C8-67C5-BEA2-0C78531031F9}.Release|Any CPU.Build.0 = Release|Any CPU
		{A10F4F24-3DB3-61DB-022E-2DE44134CA68}.Debug|Any CPU.ActiveCfg = Debug|Any CPU
		{A10F4F24-3DB3-61DB-022E-2DE44134CA68}.Debug|Any CPU.Build.0 = Debug|Any CPU
		{A10F4F24-3DB3-61DB-022E-2DE44134CA68}.Release|Any CPU.ActiveCfg = Release|Any CPU
		{A10F4F24-3DB3-61DB-022E-2DE44134CA68}.Release|Any CPU.Build.0 = Release|Any CPU
		{C4CDA22B-4B5A-9213-7700-2F06B7576349}.Debug|Any CPU.ActiveCfg = Debug|Any CPU
		{C4CDA22B-4B5A-9213-7700-2F06B7576349}.Debug|Any CPU.Build.0 = Debug|Any CPU
		{C4CDA22B-4B5A-9213-7700-2F06B7576349}.Release|Any CPU.ActiveCfg = Release|Any CPU
		{C4CDA22B-4B5A-9213-7700-2F06B7576349}.Release|Any CPU.Build.0 = Release|Any CPU
		{CF81A701-4B5C-EAD6-7CF2-0CFC53F55FCF}.Debug|Any CPU.ActiveCfg = Debug|Any CPU
		{CF81A701-4B5C-EAD6-7CF2-0CFC53F55FCF}.Debug|Any CPU.Build.0 = Debug|Any CPU
		{CF81A701-4B5C-EAD6-7CF2-0CFC53F55FCF}.Release|Any CPU.ActiveCfg = Release|Any CPU
		{CF81A701-4B5C-EAD6-7CF2-0CFC53F55FCF}.Release|Any CPU.Build.0 = Release|Any CPU
		{B680B024-01AE-AB91-7798-2B5255C77FCE}.Debug|Any CPU.ActiveCfg = Debug|Any CPU
		{B680B024-01AE-AB91-7798-2B5255C77FCE}.Debug|Any CPU.Build.0 = Debug|Any CPU
		{B680B024-01AE-AB91-7798-2B5255C77FCE}.Release|Any CPU.ActiveCfg = Release|Any CPU
		{B680B024-01AE-AB91-7798-2B5255C77FCE}.Release|Any CPU.Build.0 = Release|Any CPU
		{3CB90662-0BA2-74B9-9D73-4009812D2BE5}.Debug|Any CPU.ActiveCfg = Debug|Any CPU
		{3CB90662-0BA2-74B9-9D73-4009812D2BE5}.Debug|Any CPU.Build.0 = Debug|Any CPU
		{3CB90662-0BA2-74B9-9D73-4009812D2BE5}.Release|Any CPU.ActiveCfg = Release|Any CPU
		{3CB90662-0BA2-74B9-9D73-4009812D2BE5}.Release|Any CPU.Build.0 = Release|Any CPU
		{A717A108-1F6E-593B-E96C-CFB1E671259F}.Debug|Any CPU.ActiveCfg = Debug|Any CPU
		{A717A108-1F6E-593B-E96C-CFB1E671259F}.Debug|Any CPU.Build.0 = Debug|Any CPU
		{A717A108-1F6E-593B-E96C-CFB1E671259F}.Release|Any CPU.ActiveCfg = Release|Any CPU
		{A717A108-1F6E-593B-E96C-CFB1E671259F}.Release|Any CPU.Build.0 = Release|Any CPU
		{BCC42FAE-3AEA-1B25-B065-22260FDB600D}.Debug|Any CPU.ActiveCfg = Debug|Any CPU
		{BCC42FAE-3AEA-1B25-B065-22260FDB600D}.Debug|Any CPU.Build.0 = Debug|Any CPU
		{BCC42FAE-3AEA-1B25-B065-22260FDB600D}.Release|Any CPU.ActiveCfg = Release|Any CPU
		{BCC42FAE-3AEA-1B25-B065-22260FDB600D}.Release|Any CPU.Build.0 = Release|Any CPU
		{9F841640-274F-C569-5650-AC8C63FC80C1}.Debug|Any CPU.ActiveCfg = Debug|Any CPU
		{9F841640-274F-C569-5650-AC8C63FC80C1}.Debug|Any CPU.Build.0 = Debug|Any CPU
		{9F841640-274F-C569-5650-AC8C63FC80C1}.Release|Any CPU.ActiveCfg = Release|Any CPU
		{9F841640-274F-C569-5650-AC8C63FC80C1}.Release|Any CPU.Build.0 = Release|Any CPU
		{14FAD31E-D5C4-4AA7-5884-4F244A080B75}.Debug|Any CPU.ActiveCfg = Debug|Any CPU
		{14FAD31E-D5C4-4AA7-5884-4F244A080B75}.Debug|Any CPU.Build.0 = Debug|Any CPU
		{14FAD31E-D5C4-4AA7-5884-4F244A080B75}.Release|Any CPU.ActiveCfg = Release|Any CPU
		{14FAD31E-D5C4-4AA7-5884-4F244A080B75}.Release|Any CPU.Build.0 = Release|Any CPU
		{B3653069-C620-D7EA-78EA-8591C2DE3D8E}.Debug|Any CPU.ActiveCfg = Debug|Any CPU
		{B3653069-C620-D7EA-78EA-8591C2DE3D8E}.Debug|Any CPU.Build.0 = Debug|Any CPU
		{B3653069-C620-D7EA-78EA-8591C2DE3D8E}.Release|Any CPU.ActiveCfg = Release|Any CPU
		{B3653069-C620-D7EA-78EA-8591C2DE3D8E}.Release|Any CPU.Build.0 = Release|Any CPU
		{6CAC47E0-4EC5-E4A7-6BB3-434DB93BD4B4}.Debug|Any CPU.ActiveCfg = Debug|Any CPU
		{6CAC47E0-4EC5-E4A7-6BB3-434DB93BD4B4}.Debug|Any CPU.Build.0 = Debug|Any CPU
		{6CAC47E0-4EC5-E4A7-6BB3-434DB93BD4B4}.Release|Any CPU.ActiveCfg = Release|Any CPU
		{6CAC47E0-4EC5-E4A7-6BB3-434DB93BD4B4}.Release|Any CPU.Build.0 = Release|Any CPU
		{6E672432-4E50-9AFC-A4D3-F95C15FA0445}.Debug|Any CPU.ActiveCfg = Debug|Any CPU
		{6E672432-4E50-9AFC-A4D3-F95C15FA0445}.Debug|Any CPU.Build.0 = Debug|Any CPU
		{6E672432-4E50-9AFC-A4D3-F95C15FA0445}.Release|Any CPU.ActiveCfg = Release|Any CPU
		{6E672432-4E50-9AFC-A4D3-F95C15FA0445}.Release|Any CPU.Build.0 = Release|Any CPU
		{033D60BC-4E6C-CAA0-7A70-E4E5D635C14F}.Debug|Any CPU.ActiveCfg = Debug|Any CPU
		{033D60BC-4E6C-CAA0-7A70-E4E5D635C14F}.Debug|Any CPU.Build.0 = Debug|Any CPU
		{033D60BC-4E6C-CAA0-7A70-E4E5D635C14F}.Release|Any CPU.ActiveCfg = Release|Any CPU
		{033D60BC-4E6C-CAA0-7A70-E4E5D635C14F}.Release|Any CPU.Build.0 = Release|Any CPU
		{EF0EBF3C-E63F-440A-11CC-2E2BCA22951D}.Debug|Any CPU.ActiveCfg = Debug|Any CPU
		{EF0EBF3C-E63F-440A-11CC-2E2BCA22951D}.Debug|Any CPU.Build.0 = Debug|Any CPU
		{EF0EBF3C-E63F-440A-11CC-2E2BCA22951D}.Release|Any CPU.ActiveCfg = Release|Any CPU
		{EF0EBF3C-E63F-440A-11CC-2E2BCA22951D}.Release|Any CPU.Build.0 = Release|Any CPU
	EndGlobalSection
	GlobalSection(SolutionProperties) = preSolution
		HideSolutionNode = FALSE
	EndGlobalSection
EndGlobal
